
Microsoft Visual Studio Solution File, Format Version 12.00
# Visual Studio 14
VisualStudioVersion = 14.0.23107.0
MinimumVisualStudioVersion = 10.0.40219.1
Project("{FAE04EC0-301F-11D3-BF4B-00C04F79EFBC}") = "WebDriverWrapper", "WebDriverWrapper\WebDriverWrapper.csproj", "{392E39BF-6E3C-433A-83E7-10C8294574AF}"
EndProject
Project("{FAE04EC0-301F-11D3-BF4B-00C04F79EFBC}") = "UdemyAutomationProject", "UdemyAutomationProject\UdemyAutomationProject.csproj", "{EE59B832-22CB-4879-B9AD-360CE58CD849}"
EndProject
Global
	GlobalSection(SolutionConfigurationPlatforms) = preSolution
		Debug|Any CPU = Debug|Any CPU
		Release|Any CPU = Release|Any CPU
	EndGlobalSection
	GlobalSection(ProjectConfigurationPlatforms) = postSolution
		{392E39BF-6E3C-433A-83E7-10C8294574AF}.Debug|Any CPU.ActiveCfg = Debug|Any CPU
		{392E39BF-6E3C-433A-83E7-10C8294574AF}.Debug|Any CPU.Build.0 = Debug|Any CPU
		{392E39BF-6E3C-433A-83E7-10C8294574AF}.Release|Any CPU.ActiveCfg = Release|Any CPU
		{392E39BF-6E3C-433A-83E7-10C8294574AF}.Release|Any CPU.Build.0 = Release|Any CPU
		{EE59B832-22CB-4879-B9AD-360CE58CD849}.Debug|Any CPU.ActiveCfg = Debug|Any CPU
		{EE59B832-22CB-4879-B9AD-360CE58CD849}.Debug|Any CPU.Build.0 = Debug|Any CPU
		{EE59B832-22CB-4879-B9AD-360CE58CD849}.Release|Any CPU.ActiveCfg = Release|Any CPU
		{EE59B832-22CB-4879-B9AD-360CE58CD849}.Release|Any CPU.Build.0 = Release|Any CPU
	EndGlobalSection
	GlobalSection(SolutionProperties) = preSolution
		HideSolutionNode = FALSE
	EndGlobalSection
EndGlobal
